
Microsoft Visual Studio Solution File, Format Version 12.00
# Visual Studio 14
VisualStudioVersion = 14.0.25420.1
MinimumVisualStudioVersion = 10.0.40219.1
Project("{FAE04EC0-301F-11D3-BF4B-00C04F79EFBC}") = "WebAPI", "LeadSubmission\WebAPI.csproj", "{30102157-5AB2-4539-A342-22EA0E3098D1}"
EndProject
Project("{FAE04EC0-301F-11D3-BF4B-00C04F79EFBC}") = "DAL", "DAL\DAL.csproj", "{026CD8CB-959E-47D7-B2CB-96CA0412AC80}"
EndProject
Project("{FAE04EC0-301F-11D3-BF4B-00C04F79EFBC}") = "WebReferences", "WebReferences\WebReferences.csproj", "{FFC91589-39C9-40C2-8A42-C98BCA086515}"
EndProject
Project("{FAE04EC0-301F-11D3-BF4B-00C04F79EFBC}") = "BusinessObjects", "BusinessObjects\BusinessObjects.csproj", "{89DF3763-264F-4683-99CF-1FD0AD91B8FD}"
EndProject
Global
	GlobalSection(SolutionConfigurationPlatforms) = preSolution
		Debug|Any CPU = Debug|Any CPU
		Release|Any CPU = Release|Any CPU
	EndGlobalSection
	GlobalSection(ProjectConfigurationPlatforms) = postSolution
		{30102157-5AB2-4539-A342-22EA0E3098D1}.Debug|Any CPU.ActiveCfg = Debug|Any CPU
		{30102157-5AB2-4539-A342-22EA0E3098D1}.Debug|Any CPU.Build.0 = Debug|Any CPU
		{30102157-5AB2-4539-A342-22EA0E3098D1}.Release|Any CPU.ActiveCfg = Release|Any CPU
		{30102157-5AB2-4539-A342-22EA0E3098D1}.Release|Any CPU.Build.0 = Release|Any CPU
		{026CD8CB-959E-47D7-B2CB-96CA0412AC80}.Debug|Any CPU.ActiveCfg = Debug|Any CPU
		{026CD8CB-959E-47D7-B2CB-96CA0412AC80}.Debug|Any CPU.Build.0 = Debug|Any CPU
		{026CD8CB-959E-47D7-B2CB-96CA0412AC80}.Release|Any CPU.ActiveCfg = Release|Any CPU
		{026CD8CB-959E-47D7-B2CB-96CA0412AC80}.Release|Any CPU.Build.0 = Release|Any CPU
		{FFC91589-39C9-40C2-8A42-C98BCA086515}.Debug|Any CPU.ActiveCfg = Debug|Any CPU
		{FFC91589-39C9-40C2-8A42-C98BCA086515}.Debug|Any CPU.Build.0 = Debug|Any CPU
		{FFC91589-39C9-40C2-8A42-C98BCA086515}.Release|Any CPU.ActiveCfg = Release|Any CPU
		{FFC91589-39C9-40C2-8A42-C98BCA086515}.Release|Any CPU.Build.0 = Release|Any CPU
		{89DF3763-264F-4683-99CF-1FD0AD91B8FD}.Debug|Any CPU.ActiveCfg = Debug|Any CPU
		{89DF3763-264F-4683-99CF-1FD0AD91B8FD}.Debug|Any CPU.Build.0 = Debug|Any CPU
		{89DF3763-264F-4683-99CF-1FD0AD91B8FD}.Release|Any CPU.ActiveCfg = Release|Any CPU
		{89DF3763-264F-4683-99CF-1FD0AD91B8FD}.Release|Any CPU.Build.0 = Release|Any CPU
	EndGlobalSection
	GlobalSection(SolutionProperties) = preSolution
		HideSolutionNode = FALSE
	EndGlobalSection
EndGlobal
